# This file is automatically @generated by Poetry 1.8.5 and should not be changed by hand.

[[package]]
name = "colorist"
version = "1.8.3"
description = "Colorist for Python"
optional = false
python-versions = ">=3.10"
files = [
    {file = "colorist-1.8.3-py3-none-any.whl", hash = "sha256:71845994a2c30ba582e563876685e5add5151237463ea27672314ed196a61821"},
    {file = "colorist-1.8.3.tar.gz", hash = "sha256:8a6741feae39eebfe25436f2c9f564072f3c0c37bdabc5cc75a35149b483b72c"},
]

[package.extras]
testing = ["coverage (==7.6.4)", "flake8 (==7.1.1)", "mypy (==1.13.0)", "pytest (==8.3.3)", "pytest-cov (==5.0.0)", "tox (==4.23.2)"]

[metadata]
lock-version = "2.0"
python-versions = "^3.10"
content-hash = "dbe302deff9c4bc356b70639335bc831d2eb21943e097c0d6ad8e3b9095c46e1"
